{
  "name": "compact-rust-wallet-handoff-check",
  "lockfileVersion": 3,
  "requires": true,
  "packages": {
    "": {
      "name": "compact-rust-wallet-handoff-check",
      "devDependencies": {
        "@midnight-ntwrk/ledger-v8": "8.0.2"
      }
    },
    "node_modules/@midnight-ntwrk/ledger-v8": {
      "version": "8.0.2",
      "resolved": "https://registry.npmjs.org/@midnight-ntwrk/ledger-v8/-/ledger-v8-8.0.2.tgz",
      "integrity": "sha512-tg12OxjW+Z4GR8ScUW9P9YRHHHlUpItCwPUxm8O3+j4F+xqFKWVMdayUY42vmXxgVGSA2Ze0XmV8CIuJ4YDyDQ==",
      "dev": true
    }
  }
}
