{
  "name": "compact-rust-wallet-handoff-check",
  "lockfileVersion": 3,
  "requires": true,
  "packages": {
    "": {
      "name": "compact-rust-wallet-handoff-check",
      "devDependencies": {
        "@midnight-ntwrk/ledger-v8": "8.0.3"
      }
    },
    "node_modules/@midnight-ntwrk/ledger-v8": {
      "version": "8.0.3",
      "resolved": "https://registry.npmjs.org/@midnight-ntwrk/ledger-v8/-/ledger-v8-8.0.3.tgz",
      "integrity": "sha512-2BLMfHnZyKAHZxaGWjlenhity096lZ9jvyp1qrQH5J3ogpy7H5ostCW8kRj70dGv5T55qDAC5nJ+wnU/8CGUcQ==",
      "dev": true
    }
  }
}
